
Microsoft Visual Studio Solution File, Format Version 12.00
# Visual Studio Version 17
VisualStudioVersion = 17.4.33213.308
MinimumVisualStudioVersion = 10.0.40219.1
Project("{FAE04EC0-301F-11D3-BF4B-00C04F79EFBC}") = "Lab1", "Lab1.csproj", "{86289234-97A6-40B2-8C71-29A954877BB2}"
EndProject
Global
	GlobalSection(SolutionConfigurationPlatforms) = preSolution
		Debug|Any CPU = Debug|Any CPU
		Release|Any CPU = Release|Any CPU
	EndGlobalSection
	GlobalSection(ProjectConfigurationPlatforms) = postSolution
		{86289234-97A6-40B2-8C71-29A954877BB2}.Debug|Any CPU.ActiveCfg = Debug|Any CPU
		{86289234-97A6-40B2-8C71-29A954877BB2}.Debug|Any CPU.Build.0 = Debug|Any CPU
		{86289234-97A6-40B2-8C71-29A954877BB2}.Release|Any CPU.ActiveCfg = Release|Any CPU
		{86289234-97A6-40B2-8C71-29A954877BB2}.Release|Any CPU.Build.0 = Release|Any CPU
	EndGlobalSection
	GlobalSection(SolutionProperties) = preSolution
		HideSolutionNode = FALSE
	EndGlobalSection
	GlobalSection(ExtensibilityGlobals) = postSolution
		SolutionGuid = {F3433EF6-2B03-43F3-89F9-44B44E7E53E0}
	EndGlobalSection
EndGlobal
